
Microsoft Visual Studio Solution File, Format Version 10.00
# Visual Studio 2008
Project("{FAE04EC0-301F-11D3-BF4B-00C04F79EFBC}") = "TerraScan.UtilityWrapper", "TerraScan.UtilityWrapper\TerraScan.UtilityWrapper.csproj", "{1910810D-049C-4F05-95DC-FA62B5BC8682}"
EndProject
Global
	GlobalSection(TeamFoundationVersionControl) = preSolution
		SccNumberOfProjects = 2
		SccEnterpriseProvider = {4CA58AB2-18FA-4F8D-95D4-32DDF27D184C}
		SccTeamFoundationServer = http://tfs2010-app:8080/tfs
		SccLocalPath0 = .
		SccProjectUniqueName1 = TerraScan.UtilityWrapper\\TerraScan.UtilityWrapper.csproj
		SccProjectName1 = TerraScan.UtilityWrapper
		SccLocalPath1 = TerraScan.UtilityWrapper
	EndGlobalSection
	GlobalSection(SolutionConfigurationPlatforms) = preSolution
		Debug|Any CPU = Debug|Any CPU
		Release|Any CPU = Release|Any CPU
	EndGlobalSection
	GlobalSection(ProjectConfigurationPlatforms) = postSolution
		{1910810D-049C-4F05-95DC-FA62B5BC8682}.Debug|Any CPU.ActiveCfg = Debug|Any CPU
		{1910810D-049C-4F05-95DC-FA62B5BC8682}.Debug|Any CPU.Build.0 = Debug|Any CPU
		{1910810D-049C-4F05-95DC-FA62B5BC8682}.Release|Any CPU.ActiveCfg = Release|Any CPU
		{1910810D-049C-4F05-95DC-FA62B5BC8682}.Release|Any CPU.Build.0 = Release|Any CPU
	EndGlobalSection
	GlobalSection(SolutionProperties) = preSolution
		HideSolutionNode = FALSE
	EndGlobalSection
EndGlobal
